// !$*UTF8*$!
{
	archiveVersion = 1;
	classes = {
	};
	objectVersion = 48;
	objects = {

/* Begin PBXBuildFile section */
		51B9669DA763CDDAE9E36A16 /* Pods_TextViewExapansion.framework in Frameworks */ = {isa = PBXBuildFile; fileRef = E505CE6153B1C32136708BBD /* Pods_TextViewExapansion.framework */; };
		A2299FCB20998AA400624089 /* AppDelegate.swift in Sources */ = {isa = PBXBuildFile; fileRef = A2299FCA20998AA400624089 /* AppDelegate.swift */; };
		A2299FCD20998AA400624089 /* ViewController.swift in Sources */ = {isa = PBXBuildFile; fileRef = A2299FCC20998AA400624089 /* ViewController.swift */; };
		A2299FD020998AA400624089 /* Main.storyboard in Resources */ = {isa = PBXBuildFile; fileRef = A2299FCE20998AA400624089 /* Main.storyboard */; };
		A2299FD320998AA400624089 /* TextViewExapansion.xcdatamodeld in Sources */ = {isa = PBXBuildFile; fileRef = A2299FD120998AA400624089 /* TextViewExapansion.xcdatamodeld */; };
		A2299FD520998AA400624089 /* Assets.xcassets in Resources */ = {isa = PBXBuildFile; fileRef = A2299FD420998AA400624089 /* Assets.xcassets */; };
		A2299FD820998AA400624089 /* LaunchScreen.storyboard in Resources */ = {isa = PBXBuildFile; fileRef = A2299FD620998AA400624089 /* LaunchScreen.storyboard */; };
/* End PBXBuildFile section */

/* Begin PBXFileReference section */
		19651E87A2AEB0FC5CD49A99 /* Pods-TextViewExapansion.release.xcconfig */ = {isa = PBXFileReference; includeInIndex = 1; lastKnownFileType = text.xcconfig; name = "Pods-TextViewExapansion.release.xcconfig"; path = "Pods/Target Support Files/Pods-TextViewExapansion/Pods-TextViewExapansion.release.xcconfig"; sourceTree = "<group>"; };
		29CD4A0FECB36C6716761F3D /* Pods-TextViewExapansion.debug.xcconfig */ = {isa = PBXFileReference; includeInIndex = 1; lastKnownFileType = text.xcconfig; name = "Pods-TextViewExapansion.debug.xcconfig"; path = "Pods/Target Support Files/Pods-TextViewExapansion/Pods-TextViewExapansion.debug.xcconfig"; sourceTree = "<group>"; };
		A2299FC720998AA400624089 /* TextViewExapansion.app */ = {isa = PBXFileReference; explicitFileType = wrapper.application; includeInIndex = 0; path = TextViewExapansion.app; sourceTree = BUILT_PRODUCTS_DIR; };
		A2299FCA20998AA400624089 /* AppDelegate.swift */ = {isa = PBXFileReference; lastKnownFileType = sourcecode.swift; path = AppDelegate.swift; sourceTree = "<group>"; };
		A2299FCC20998AA400624089 /* ViewController.swift */ = {isa = PBXFileReference; lastKnownFileType = sourcecode.swift; path = ViewController.swift; sourceTree = "<group>"; };
		A2299FCF20998AA400624089 /* Base */ = {isa = PBXFileReference; lastKnownFileType = file.storyboard; name = Base; path = Base.lproj/Main.storyboard; sourceTree = "<group>"; };
		A2299FD220998AA400624089 /* TextViewExapansion.xcdatamodel */ = {isa = PBXFileReference; lastKnownFileType = wrapper.xcdatamodel; path = TextViewExapansion.xcdatamodel; sourceTree = "<group>"; };
		A2299FD420998AA400624089 /* Assets.xcassets */ = {isa = PBXFileReference; lastKnownFileType = folder.assetcatalog; path = Assets.xcassets; sourceTree = "<group>"; };
		A2299FD720998AA400624089 /* Base */ = {isa = PBXFileReference; lastKnownFileType = file.storyboard; name = Base; path = Base.lproj/LaunchScreen.storyboard; sourceTree = "<group>"; };
		A2299FD920998AA400624089 /* Info.plist */ = {isa = PBXFileReference; lastKnownFileType = text.plist.xml; path = Info.plist; sourceTree = "<group>"; };
		E505CE6153B1C32136708BBD /* Pods_TextViewExapansion.framework */ = {isa = PBXFileReference; explicitFileType = wrapper.framework; includeInIndex = 0; path = Pods_TextViewExapansion.framework; sourceTree = BUILT_PRODUCTS_DIR; };
/* End PBXFileReference section */

/* Begin PBXFrameworksBuildPhase section */
		A2299FC420998AA400624089 /* Frameworks */ = {
			isa = PBXFrameworksBuildPhase;
			buildActionMask = 2147483647;
			files = (
				51B9669DA763CDDAE9E36A16 /* Pods_TextViewExapansion.framework in Frameworks */,
			);
			runOnlyForDeploymentPostprocessing = 0;
		};
/* End PBXFrameworksBuildPhase section */

/* Begin PBXGroup section */
		1FE73670C9DFD1DA5F9C134F /* Frameworks */ = {
			isa = PBXGroup;
			children = (
				E505CE6153B1C32136708BBD /* Pods_TextViewExapansion.framework */,
			);
			name = Frameworks;
			sourceTree = "<group>";
		};
		A2299FBE20998AA400624089 = {
			isa = PBXGroup;
			children = (
				A2299FC920998AA400624089 /* TextViewExapansion */,
				A2299FC820998AA400624089 /* Products */,
				E7217C851495537FD6C344C0 /* Pods */,
				1FE73670C9DFD1DA5F9C134F /* Frameworks */,
			);
			sourceTree = "<group>";
		};
		A2299FC820998AA400624089 /* Products */ = {
			isa = PBXGroup;
			children = (
				A2299FC720998AA400624089 /* TextViewExapansion.app */,
			);
			name = Products;
			sourceTree = "<group>";
		};
		A2299FC920998AA400624089 /* TextViewExapansion */ = {
			isa = PBXGroup;
			children = (
				A2299FCA20998AA400624089 /* AppDelegate.swift */,
				A2299FCC20998AA400624089 /* ViewController.swift */,
				A2299FCE20998AA400624089 /* Main.storyboard */,
				A2299FD420998AA400624089 /* Assets.xcassets */,
				A2299FD620998AA400624089 /* LaunchScreen.storyboard */,
				A2299FD920998AA400624089 /* Info.plist */,
				A2299FD120998AA400624089 /* TextViewExapansion.xcdatamodeld */,
			);
			path = TextViewExapansion;
			sourceTree = "<group>";
		};
		E7217C851495537FD6C344C0 /* Pods */ = {
			isa = PBXGroup;
			children = (
				29CD4A0FECB36C6716761F3D /* Pods-TextViewExapansion.debug.xcconfig */,
				19651E87A2AEB0FC5CD49A99 /* Pods-TextViewExapansion.release.xcconfig */,
			);
			name = Pods;
			sourceTree = "<group>";
		};
/* End PBXGroup section */

/* Begin PBXNativeTarget section */
		A2299FC620998AA400624089 /* TextViewExapansion */ = {
			isa = PBXNativeTarget;
			buildConfigurationList = A2299FDC20998AA400624089 /* Build configuration list for PBXNativeTarget "TextViewExapansion" */;
			buildPhases = (
				F3885068106665D46FD20BCB /* [CP] Check Pods Manifest.lock */,
				A2299FC320998AA400624089 /* Sources */,
				A2299FC420998AA400624089 /* Frameworks */,
				A2299FC520998AA400624089 /* Resources */,
				8299076FC5EA7F9C4498AB02 /* [CP] Embed Pods Frameworks */,
				C0713056313D2F19743B22CB /* [CP] Copy Pods Resources */,
			);
			buildRules = (
			);
			dependencies = (
			);
			name = TextViewExapansion;
			productName = TextViewExapansion;
			productReference = A2299FC720998AA400624089 /* TextViewExapansion.app */;
			productType = "com.apple.product-type.application";
		};
/* End PBXNativeTarget section */

/* Begin PBXProject section */
		A2299FBF20998AA400624089 /* Project object */ = {
			isa = PBXProject;
			attributes = {
				LastSwiftUpdateCheck = 0920;
				LastUpgradeCheck = 0920;
				ORGANIZATIONNAME = 8locations;
				TargetAttributes = {
					A2299FC620998AA400624089 = {
						CreatedOnToolsVersion = 9.2;
						ProvisioningStyle = Automatic;
					};
				};
			};
			buildConfigurationList = A2299FC220998AA400624089 /* Build configuration list for PBXProject "TextViewExapansion" */;
			compatibilityVersion = "Xcode 8.0";
			developmentRegion = en;
			hasScannedForEncodings = 0;
			knownRegions = (
				en,
				Base,
			);
			mainGroup = A2299FBE20998AA400624089;
			productRefGroup = A2299FC820998AA400624089 /* Products */;
			projectDirPath = "";
			projectRoot = "";
			targets = (
				A2299FC620998AA400624089 /* TextViewExapansion */,
			);
		};
/* End PBXProject section */

/* Begin PBXResourcesBuildPhase section */
		A2299FC520998AA400624089 /* Resources */ = {
			isa = PBXResourcesBuildPhase;
			buildActionMask = 2147483647;
			files = (
				A2299FD820998AA400624089 /* LaunchScreen.storyboard in Resources */,
				A2299FD520998AA400624089 /* Assets.xcassets in Resources */,
				A2299FD020998AA400624089 /* Main.storyboard in Resources */,
			);
			runOnlyForDeploymentPostprocessing = 0;
		};
/* End PBXResourcesBuildPhase section */

/* Begin PBXShellScriptBuildPhase section */
		8299076FC5EA7F9C4498AB02 /* [CP] Embed Pods Frameworks */ = {
			isa = PBXShellScriptBuildPhase;
			buildActionMask = 2147483647;
			files = (
			);
			inputPaths = (
				"${SRCROOT}/Pods/Target Support Files/Pods-TextViewExapansion/Pods-TextViewExapansion-frameworks.sh",
				"${BUILT_PRODUCTS_DIR}/GrowingTextView/GrowingTextView.framework",
			);
			name = "[CP] Embed Pods Frameworks";
			outputPaths = (
				"${TARGET_BUILD_DIR}/${FRAMEWORKS_FOLDER_PATH}/GrowingTextView.framework",
			);
			runOnlyForDeploymentPostprocessing = 0;
			shellPath = /bin/sh;
			shellScript = "\"${SRCROOT}/Pods/Target Support Files/Pods-TextViewExapansion/Pods-TextViewExapansion-frameworks.sh\"\n";
			showEnvVarsInLog = 0;
		};
		C0713056313D2F19743B22CB /* [CP] Copy Pods Resources */ = {
			isa = PBXShellScriptBuildPhase;
			buildActionMask = 2147483647;
			files = (
			);
			inputPaths = (
			);
			name = "[CP] Copy Pods Resources";
			outputPaths = (
			);
			runOnlyForDeploymentPostprocessing = 0;
			shellPath = /bin/sh;
			shellScript = "\"${SRCROOT}/Pods/Target Support Files/Pods-TextViewExapansion/Pods-TextViewExapansion-resources.sh\"\n";
			showEnvVarsInLog = 0;
		};
		F3885068106665D46FD20BCB /* [CP] Check Pods Manifest.lock */ = {
			isa = PBXShellScriptBuildPhase;
			buildActionMask = 2147483647;
			files = (
			);
			inputPaths = (
				"${PODS_PODFILE_DIR_PATH}/Podfile.lock",
				"${PODS_ROOT}/Manifest.lock",
			);
			name = "[CP] Check Pods Manifest.lock";
			outputPaths = (
				"$(DERIVED_FILE_DIR)/Pods-TextViewExapansion-checkManifestLockResult.txt",
			);
			runOnlyForDeploymentPostprocessing = 0;
			shellPath = /bin/sh;
			shellScript = "diff \"${PODS_PODFILE_DIR_PATH}/Podfile.lock\" \"${PODS_ROOT}/Manifest.lock\" > /dev/null\nif [ $? != 0 ] ; then\n    # print error to STDERR\n    echo \"error: The sandbox is not in sync with the Podfile.lock. Run 'pod install' or update your CocoaPods installation.\" >&2\n    exit 1\nfi\n# This output is used by Xcode 'outputs' to avoid re-running this script phase.\necho \"SUCCESS\" > \"${SCRIPT_OUTPUT_FILE_0}\"\n";
			showEnvVarsInLog = 0;
		};
/* End PBXShellScriptBuildPhase section */

/* Begin PBXSourcesBuildPhase section */
		A2299FC320998AA400624089 /* Sources */ = {
			isa = PBXSourcesBuildPhase;
			buildActionMask = 2147483647;
			files = (
				A2299FCD20998AA400624089 /* ViewController.swift in Sources */,
				A2299FD320998AA400624089 /* TextViewExapansion.xcdatamodeld in Sources */,
				A2299FCB20998AA400624089 /* AppDelegate.swift in Sources */,
			);
			runOnlyForDeploymentPostprocessing = 0;
		};
/* End PBXSourcesBuildPhase section */

/* Begin PBXVariantGroup section */
		A2299FCE20998AA400624089 /* Main.storyboard */ = {
			isa = PBXVariantGroup;
			children = (
				A2299FCF20998AA400624089 /* Base */,
			);
			name = Main.storyboard;
			sourceTree = "<group>";
		};
		A2299FD620998AA400624089 /* LaunchScreen.storyboard */ = {
			isa = PBXVariantGroup;
			children = (
				A2299FD720998AA400624089 /* Base */,
			);
			name = LaunchScreen.storyboard;
			sourceTree = "<group>";
		};
/* End PBXVariantGroup section */

/* Begin XCBuildConfiguration section */
		A2299FDA20998AA400624089 /* Debug */ = {
			isa = XCBuildConfiguration;
			buildSettings = {
				ALWAYS_SEARCH_USER_PATHS = NO;
				CLANG_ANALYZER_NONNULL = YES;
				CLANG_ANALYZER_NUMBER_OBJECT_CONVERSION = YES_AGGRESSIVE;
				CLANG_CXX_LANGUAGE_STANDARD = "gnu++14";
				CLANG_CXX_LIBRARY = "libc++";
				CLANG_ENABLE_MODULES = YES;
				CLANG_ENABLE_OBJC_ARC = YES;
				CLANG_WARN_BLOCK_CAPTURE_AUTORELEASING = YES;
				CLANG_WARN_BOOL_CONVERSION = YES;
				CLANG_WARN_COMMA = YES;
				CLANG_WARN_CONSTANT_CONVERSION = YES;
				CLANG_WARN_DIRECT_OBJC_ISA_USAGE = YES_ERROR;
				CLANG_WARN_DOCUMENTATION_COMMENTS = YES;
				CLANG_WARN_EMPTY_BODY = YES;
				CLANG_WARN_ENUM_CONVERSION = YES;
				CLANG_WARN_INFINITE_RECURSION = YES;
				CLANG_WARN_INT_CONVERSION = YES;
				CLANG_WARN_NON_LITERAL_NULL_CONVERSION = YES;
				CLANG_WARN_OBJC_LITERAL_CONVERSION = YES;
				CLANG_WARN_OBJC_ROOT_CLASS = YES_ERROR;
				CLANG_WARN_RANGE_LOOP_ANALYSIS = YES;
				CLANG_WARN_STRICT_PROTOTYPES = YES;
				CLANG_WARN_SUSPICIOUS_MOVE = YES;
				CLANG_WARN_UNGUARDED_AVAILABILITY = YES_AGGRESSIVE;
				CLANG_WARN_UNREACHABLE_CODE = YES;
				CLANG_WARN__DUPLICATE_METHOD_MATCH = YES;
				CODE_SIGN_IDENTITY = "iPhone Developer";
				COPY_PHASE_STRIP = NO;
				DEBUG_INFORMATION_FORMAT = dwarf;
				ENABLE_STRICT_OBJC_MSGSEND = YES;
				ENABLE_TESTABILITY = YES;
				GCC_C_LANGUAGE_STANDARD = gnu11;
				GCC_DYNAMIC_NO_PIC = NO;
				GCC_NO_COMMON_BLOCKS = YES;
				GCC_OPTIMIZATION_LEVEL = 0;
				GCC_PREPROCESSOR_DEFINITIONS = (
					"DEBUG=1",
					"$(inherited)",
				);
				GCC_WARN_64_TO_32_BIT_CONVERSION = YES;
				GCC_WARN_ABOUT_RETURN_TYPE = YES_ERROR;
				GCC_WARN_UNDECLARED_SELECTOR = YES;
				GCC_WARN_UNINITIALIZED_AUTOS = YES_AGGRESSIVE;
				GCC_WARN_UNUSED_FUNCTION = YES;
				GCC_WARN_UNUSED_VARIABLE = YES;
				IPHONEOS_DEPLOYMENT_TARGET = 11.2;
				MTL_ENABLE_DEBUG_INFO = YES;
				ONLY_ACTIVE_ARCH = YES;
				SDKROOT = iphoneos;
				SWIFT_ACTIVE_COMPILATION_CONDITIONS = DEBUG;
				SWIFT_OPTIMIZATION_LEVEL = "-Onone";
			};
			name = Debug;
		};
		A2299FDB20998AA400624089 /* Release */ = {
			isa = XCBuildConfiguration;
			buildSettings = {
				ALWAYS_SEARCH_USER_PATHS = NO;
				CLANG_ANALYZER_NONNULL = YES;
				CLANG_ANALYZER_NUMBER_OBJECT_CONVERSION = YES_AGGRESSIVE;
				CLANG_CXX_LANGUAGE_STANDARD = "gnu++14";
				CLANG_CXX_LIBRARY = "libc++";
				CLANG_ENABLE_MODULES = YES;
				CLANG_ENABLE_OBJC_ARC = YES;
				CLANG_WARN_BLOCK_CAPTURE_AUTORELEASING = YES;
				CLANG_WARN_BOOL_CONVERSION = YES;
				CLANG_WARN_COMMA = YES;
				CLANG_WARN_CONSTANT_CONVERSION = YES;
				CLANG_WARN_DIRECT_OBJC_ISA_USAGE = YES_ERROR;
				CLANG_WARN_DOCUMENTATION_COMMENTS = YES;
				CLANG_WARN_EMPTY_BODY = YES;
				CLANG_WARN_ENUM_CONVERSION = YES;
				CLANG_WARN_INFINITE_RECURSION = YES;
				CLANG_WARN_INT_CONVERSION = YES;
				CLANG_WARN_NON_LITERAL_NULL_CONVERSION = YES;
				CLANG_WARN_OBJC_LITERAL_CONVERSION = YES;
				CLANG_WARN_OBJC_ROOT_CLASS = YES_ERROR;
				CLANG_WARN_RANGE_LOOP_ANALYSIS = YES;
				CLANG_WARN_STRICT_PROTOTYPES = YES;
				CLANG_WARN_SUSPICIOUS_MOVE = YES;
				CLANG_WARN_UNGUARDED_AVAILABILITY = YES_AGGRESSIVE;
				CLANG_WARN_UNREACHABLE_CODE = YES;
				CLANG_WARN__DUPLICATE_METHOD_MATCH = YES;
				CODE_SIGN_IDENTITY = "iPhone Developer";
				COPY_PHASE_STRIP = NO;
				DEBUG_INFORMATION_FORMAT = "dwarf-with-dsym";
				ENABLE_NS_ASSERTIONS = NO;
				ENABLE_STRICT_OBJC_MSGSEND = YES;
				GCC_C_LANGUAGE_STANDARD = gnu11;
				GCC_NO_COMMON_BLOCKS = YES;
				GCC_WARN_64_TO_32_BIT_CONVERSION = YES;
				GCC_WARN_ABOUT_RETURN_TYPE = YES_ERROR;
				GCC_WARN_UNDECLARED_SELECTOR = YES;
				GCC_WARN_UNINITIALIZED_AUTOS = YES_AGGRESSIVE;
				GCC_WARN_UNUSED_FUNCTION = YES;
				GCC_WARN_UNUSED_VARIABLE = YES;
				IPHONEOS_DEPLOYMENT_TARGET = 11.2;
				MTL_ENABLE_DEBUG_INFO = NO;
				SDKROOT = iphoneos;
				SWIFT_OPTIMIZATION_LEVEL = "-Owholemodule";
				VALIDATE_PRODUCT = YES;
			};
			name = Release;
		};
		A2299FDD20998AA400624089 /* Debug */ = {
			isa = XCBuildConfiguration;
			baseConfigurationReference = 29CD4A0FECB36C6716761F3D /* Pods-TextViewExapansion.debug.xcconfig */;
			buildSettings = {
				ASSETCATALOG_COMPILER_APPICON_NAME = AppIcon;
				CODE_SIGN_STYLE = Automatic;
				DEVELOPMENT_TEAM = ETJQSHNP5L;
				INFOPLIST_FILE = TextViewExapansion/Info.plist;
				LD_RUNPATH_SEARCH_PATHS = "$(inherited) @executable_path/Frameworks";
				PRODUCT_BUNDLE_IDENTIFIER = com.8locations.TextViewExapansion;
				PRODUCT_NAME = "$(TARGET_NAME)";
				SWIFT_VERSION = 4.0;
				TARGETED_DEVICE_FAMILY = "1,2";
			};
			name = Debug;
		};
		A2299FDE20998AA400624089 /* Release */ = {
			isa = XCBuildConfiguration;
			baseConfigurationReference = 19651E87A2AEB0FC5CD49A99 /* Pods-TextViewExapansion.release.xcconfig */;
			buildSettings = {
				ASSETCATALOG_COMPILER_APPICON_NAME = AppIcon;
				CODE_SIGN_STYLE = Automatic;
				DEVELOPMENT_TEAM = ETJQSHNP5L;
				INFOPLIST_FILE = TextViewExapansion/Info.plist;
				LD_RUNPATH_SEARCH_PATHS = "$(inherited) @executable_path/Frameworks";
				PRODUCT_BUNDLE_IDENTIFIER = com.8locations.TextViewExapansion;
				PRODUCT_NAME = "$(TARGET_NAME)";
				SWIFT_VERSION = 4.0;
				TARGETED_DEVICE_FAMILY = "1,2";
			};
			name = Release;
		};
/* End XCBuildConfiguration section */

/* Begin XCConfigurationList section */
		A2299FC220998AA400624089 /* Build configuration list for PBXProject "TextViewExapansion" */ = {
			isa = XCConfigurationList;
			buildConfigurations = (
				A2299FDA20998AA400624089 /* Debug */,
				A2299FDB20998AA400624089 /* Release */,
			);
			defaultConfigurationIsVisible = 0;
			defaultConfigurationName = Release;
		};
		A2299FDC20998AA400624089 /* Build configuration list for PBXNativeTarget "TextViewExapansion" */ = {
			isa = XCConfigurationList;
			buildConfigurations = (
				A2299FDD20998AA400624089 /* Debug */,
				A2299FDE20998AA400624089 /* Release */,
			);
			defaultConfigurationIsVisible = 0;
			defaultConfigurationName = Release;
		};
/* End XCConfigurationList section */

/* Begin XCVersionGroup section */
		A2299FD120998AA400624089 /* TextViewExapansion.xcdatamodeld */ = {
			isa = XCVersionGroup;
			children = (
				A2299FD220998AA400624089 /* TextViewExapansion.xcdatamodel */,
			);
			currentVersion = A2299FD220998AA400624089 /* TextViewExapansion.xcdatamodel */;
			path = TextViewExapansion.xcdatamodeld;
			sourceTree = "<group>";
			versionGroupType = wrapper.xcdatamodel;
		};
/* End XCVersionGroup section */
	};
	rootObject = A2299FBF20998AA400624089 /* Project object */;
}
